
Microsoft Visual Studio Solution File, Format Version 12.00
# Visual Studio Version 17
VisualStudioVersion = 17.0.31903.59
MinimumVisualStudioVersion = 10.0.40219.1
Project("{2150E333-8FDC-42A3-9474-1A3956D46DE8}") = "src", "src", "{827E0CD3-B72D-47B6-A68D-7590B98EB39B}"
EndProject
Project("{FAE04EC0-301F-11D3-BF4B-00C04F79EFBC}") = "GoodHamburger.Api", "src\GoodHamburger.Api\GoodHamburger.Api.csproj", "{29CFA6C4-7E31-41FE-B415-C9F7EEAD898C}"
EndProject
Project("{FAE04EC0-301F-11D3-BF4B-00C04F79EFBC}") = "GoodHamburger.Application", "src\GoodHamburger.Application\GoodHamburger.Application.csproj", "{2600BC47-1BAE-4337-9635-5512A86CFB26}"
EndProject
Project("{FAE04EC0-301F-11D3-BF4B-00C04F79EFBC}") = "GoodHamburger.Domain", "src\GoodHamburger.Domain\GoodHamburger.Domain.csproj", "{93B72077-60E3-4CA8-B998-2B331A77D66F}"
EndProject
Project("{FAE04EC0-301F-11D3-BF4B-00C04F79EFBC}") = "GoodHamburger.Infrastructure", "src\GoodHamburger.Infrastructure\GoodHamburger.Infrastructure.csproj", "{D57A5167-8769-419E-9960-A46841E3D2C6}"
EndProject
Project("{2150E333-8FDC-42A3-9474-1A3956D46DE8}") = "tests", "tests", "{0AB3BF05-4346-4AA6-1389-037BE0695223}"
EndProject
Project("{FAE04EC0-301F-11D3-BF4B-00C04F79EFBC}") = "GoodHamburger.CommonTestUtilities", "tests\GoodHamburger.CommonTestUtilities\GoodHamburger.CommonTestUtilities.csproj", "{C6FADA63-B031-4B4B-B2B6-F20A8D882EE5}"
EndProject
Project("{FAE04EC0-301F-11D3-BF4B-00C04F79EFBC}") = "GoodHamburger.Infrastructure.Test", "tests\GoodHamburger.Infrastructure.Test\GoodHamburger.Infrastructure.Test.csproj", "{E8CB1C7F-64CB-4095-A00C-BBBA161781CB}"
EndProject
Project("{FAE04EC0-301F-11D3-BF4B-00C04F79EFBC}") = "GoodHamburger.UseCases.Test", "tests\GoodHamburger.UseCases.Test\GoodHamburger.UseCases.Test.csproj", "{5ABE0295-9854-44BB-8E31-55567AF7C55D}"
EndProject
Project("{FAE04EC0-301F-11D3-BF4B-00C04F79EFBC}") = "GoodHamburger.Validators.Test", "tests\GoodHamburger.Validators.Test\GoodHamburger.Validators.Test.csproj", "{1A46994E-0F69-4C66-9E16-9EBD736C7BD4}"
EndProject
Project("{FAE04EC0-301F-11D3-BF4B-00C04F79EFBC}") = "GoodHamburger.WebApi.Test", "tests\GoodHamburger.WebApi.Test\GoodHamburger.WebApi.Test.csproj", "{575F9FFF-D91A-4315-B131-336C897E21F0}"
EndProject
Project("{FAE04EC0-301F-11D3-BF4B-00C04F79EFBC}") = "GoodHamburger.Frontend", "..\frontend\GoodHamburger.Frontend.csproj", "{50EA50D1-8716-4402-9968-CEB9892B2F39}"
EndProject
Global
	GlobalSection(SolutionConfigurationPlatforms) = preSolution
		Debug|Any CPU = Debug|Any CPU
		Debug|x64 = Debug|x64
		Debug|x86 = Debug|x86
		Release|Any CPU = Release|Any CPU
		Release|x64 = Release|x64
		Release|x86 = Release|x86
	EndGlobalSection
	GlobalSection(ProjectConfigurationPlatforms) = postSolution
		{29CFA6C4-7E31-41FE-B415-C9F7EEAD898C}.Debug|Any CPU.ActiveCfg = Debug|Any CPU
		{29CFA6C4-7E31-41FE-B415-C9F7EEAD898C}.Debug|Any CPU.Build.0 = Debug|Any CPU
		{29CFA6C4-7E31-41FE-B415-C9F7EEAD898C}.Debug|x64.ActiveCfg = Debug|Any CPU
		{29CFA6C4-7E31-41FE-B415-C9F7EEAD898C}.Debug|x64.Build.0 = Debug|Any CPU
		{29CFA6C4-7E31-41FE-B415-C9F7EEAD898C}.Debug|x86.ActiveCfg = Debug|Any CPU
		{29CFA6C4-7E31-41FE-B415-C9F7EEAD898C}.Debug|x86.Build.0 = Debug|Any CPU
		{29CFA6C4-7E31-41FE-B415-C9F7EEAD898C}.Release|Any CPU.ActiveCfg = Release|Any CPU
		{29CFA6C4-7E31-41FE-B415-C9F7EEAD898C}.Release|Any CPU.Build.0 = Release|Any CPU
		{29CFA6C4-7E31-41FE-B415-C9F7EEAD898C}.Release|x64.ActiveCfg = Release|Any CPU
		{29CFA6C4-7E31-41FE-B415-C9F7EEAD898C}.Release|x64.Build.0 = Release|Any CPU
		{29CFA6C4-7E31-41FE-B415-C9F7EEAD898C}.Release|x86.ActiveCfg = Release|Any CPU
		{29CFA6C4-7E31-41FE-B415-C9F7EEAD898C}.Release|x86.Build.0 = Release|Any CPU
		{2600BC47-1BAE-4337-9635-5512A86CFB26}.Debug|Any CPU.ActiveCfg = Debug|Any CPU
		{2600BC47-1BAE-4337-9635-5512A86CFB26}.Debug|Any CPU.Build.0 = Debug|Any CPU
		{2600BC47-1BAE-4337-9635-5512A86CFB26}.Debug|x64.ActiveCfg = Debug|Any CPU
		{2600BC47-1BAE-4337-9635-5512A86CFB26}.Debug|x64.Build.0 = Debug|Any CPU
		{2600BC47-1BAE-4337-9635-5512A86CFB26}.Debug|x86.ActiveCfg = Debug|Any CPU
		{2600BC47-1BAE-4337-9635-5512A86CFB26}.Debug|x86.Build.0 = Debug|Any CPU
		{2600BC47-1BAE-4337-9635-5512A86CFB26}.Release|Any CPU.ActiveCfg = Release|Any CPU
		{2600BC47-1BAE-4337-9635-5512A86CFB26}.Release|Any CPU.Build.0 = Release|Any CPU
		{2600BC47-1BAE-4337-9635-5512A86CFB26}.Release|x64.ActiveCfg = Release|Any CPU
		{2600BC47-1BAE-4337-9635-5512A86CFB26}.Release|x64.Build.0 = Release|Any CPU
		{2600BC47-1BAE-4337-9635-5512A86CFB26}.Release|x86.ActiveCfg = Release|Any CPU
		{2600BC47-1BAE-4337-9635-5512A86CFB26}.Release|x86.Build.0 = Release|Any CPU
		{93B72077-60E3-4CA8-B998-2B331A77D66F}.Debug|Any CPU.ActiveCfg = Debug|Any CPU
		{93B72077-60E3-4CA8-B998-2B331A77D66F}.Debug|Any CPU.Build.0 = Debug|Any CPU
		{93B72077-60E3-4CA8-B998-2B331A77D66F}.Debug|x64.ActiveCfg = Debug|Any CPU
		{93B72077-60E3-4CA8-B998-2B331A77D66F}.Debug|x64.Build.0 = Debug|Any CPU
		{93B72077-60E3-4CA8-B998-2B331A77D66F}.Debug|x86.ActiveCfg = Debug|Any CPU
		{93B72077-60E3-4CA8-B998-2B331A77D66F}.Debug|x86.Build.0 = Debug|Any CPU
		{93B72077-60E3-4CA8-B998-2B331A77D66F}.Release|Any CPU.ActiveCfg = Release|Any CPU
		{93B72077-60E3-4CA8-B998-2B331A77D66F}.Release|Any CPU.Build.0 = Release|Any CPU
		{93B72077-60E3-4CA8-B998-2B331A77D66F}.Release|x64.ActiveCfg = Release|Any CPU
		{93B72077-60E3-4CA8-B998-2B331A77D66F}.Release|x64.Build.0 = Release|Any CPU
		{93B72077-60E3-4CA8-B998-2B331A77D66F}.Release|x86.ActiveCfg = Release|Any CPU
		{93B72077-60E3-4CA8-B998-2B331A77D66F}.Release|x86.Build.0 = Release|Any CPU
		{D57A5167-8769-419E-9960-A46841E3D2C6}.Debug|Any CPU.ActiveCfg = Debug|Any CPU
		{D57A5167-8769-419E-9960-A46841E3D2C6}.Debug|Any CPU.Build.0 = Debug|Any CPU
		{D57A5167-8769-419E-9960-A46841E3D2C6}.Debug|x64.ActiveCfg = Debug|Any CPU
		{D57A5167-8769-419E-9960-A46841E3D2C6}.Debug|x64.Build.0 = Debug|Any CPU
		{D57A5167-8769-419E-9960-A46841E3D2C6}.Debug|x86.ActiveCfg = Debug|Any CPU
		{D57A5167-8769-419E-9960-A46841E3D2C6}.Debug|x86.Build.0 = Debug|Any CPU
		{D57A5167-8769-419E-9960-A46841E3D2C6}.Release|Any CPU.ActiveCfg = Release|Any CPU
		{D57A5167-8769-419E-9960-A46841E3D2C6}.Release|Any CPU.Build.0 = Release|Any CPU
		{D57A5167-8769-419E-9960-A46841E3D2C6}.Release|x64.ActiveCfg = Release|Any CPU
		{D57A5167-8769-419E-9960-A46841E3D2C6}.Release|x64.Build.0 = Release|Any CPU
		{D57A5167-8769-419E-9960-A46841E3D2C6}.Release|x86.ActiveCfg = Release|Any CPU
		{D57A5167-8769-419E-9960-A46841E3D2C6}.Release|x86.Build.0 = Release|Any CPU
		{C6FADA63-B031-4B4B-B2B6-F20A8D882EE5}.Debug|Any CPU.ActiveCfg = Debug|Any CPU
		{C6FADA63-B031-4B4B-B2B6-F20A8D882EE5}.Debug|Any CPU.Build.0 = Debug|Any CPU
		{C6FADA63-B031-4B4B-B2B6-F20A8D882EE5}.Debug|x64.ActiveCfg = Debug|Any CPU
		{C6FADA63-B031-4B4B-B2B6-F20A8D882EE5}.Debug|x64.Build.0 = Debug|Any CPU
		{C6FADA63-B031-4B4B-B2B6-F20A8D882EE5}.Debug|x86.ActiveCfg = Debug|Any CPU
		{C6FADA63-B031-4B4B-B2B6-F20A8D882EE5}.Debug|x86.Build.0 = Debug|Any CPU
		{C6FADA63-B031-4B4B-B2B6-F20A8D882EE5}.Release|Any CPU.ActiveCfg = Release|Any CPU
		{C6FADA63-B031-4B4B-B2B6-F20A8D882EE5}.Release|Any CPU.Build.0 = Release|Any CPU
		{C6FADA63-B031-4B4B-B2B6-F20A8D882EE5}.Release|x64.ActiveCfg = Release|Any CPU
		{C6FADA63-B031-4B4B-B2B6-F20A8D882EE5}.Release|x64.Build.0 = Release|Any CPU
		{C6FADA63-B031-4B4B-B2B6-F20A8D882EE5}.Release|x86.ActiveCfg = Release|Any CPU
		{C6FADA63-B031-4B4B-B2B6-F20A8D882EE5}.Release|x86.Build.0 = Release|Any CPU
		{E8CB1C7F-64CB-4095-A00C-BBBA161781CB}.Debug|Any CPU.ActiveCfg = Debug|Any CPU
		{E8CB1C7F-64CB-4095-A00C-BBBA161781CB}.Debug|Any CPU.Build.0 = Debug|Any CPU
		{E8CB1C7F-64CB-4095-A00C-BBBA161781CB}.Debug|x64.ActiveCfg = Debug|Any CPU
		{E8CB1C7F-64CB-4095-A00C-BBBA161781CB}.Debug|x64.Build.0 = Debug|Any CPU
		{E8CB1C7F-64CB-4095-A00C-BBBA161781CB}.Debug|x86.ActiveCfg = Debug|Any CPU
		{E8CB1C7F-64CB-4095-A00C-BBBA161781CB}.Debug|x86.Build.0 = Debug|Any CPU
		{E8CB1C7F-64CB-4095-A00C-BBBA161781CB}.Release|Any CPU.ActiveCfg = Release|Any CPU
		{E8CB1C7F-64CB-4095-A00C-BBBA161781CB}.Release|Any CPU.Build.0 = Release|Any CPU
		{E8CB1C7F-64CB-4095-A00C-BBBA161781CB}.Release|x64.ActiveCfg = Release|Any CPU
		{E8CB1C7F-64CB-4095-A00C-BBBA161781CB}.Release|x64.Build.0 = Release|Any CPU
		{E8CB1C7F-64CB-4095-A00C-BBBA161781CB}.Release|x86.ActiveCfg = Release|Any CPU
		{E8CB1C7F-64CB-4095-A00C-BBBA161781CB}.Release|x86.Build.0 = Release|Any CPU
		{5ABE0295-9854-44BB-8E31-55567AF7C55D}.Debug|Any CPU.ActiveCfg = Debug|Any CPU
		{5ABE0295-9854-44BB-8E31-55567AF7C55D}.Debug|Any CPU.Build.0 = Debug|Any CPU
		{5ABE0295-9854-44BB-8E31-55567AF7C55D}.Debug|x64.ActiveCfg = Debug|Any CPU
		{5ABE0295-9854-44BB-8E31-55567AF7C55D}.Debug|x64.Build.0 = Debug|Any CPU
		{5ABE0295-9854-44BB-8E31-55567AF7C55D}.Debug|x86.ActiveCfg = Debug|Any CPU
		{5ABE0295-9854-44BB-8E31-55567AF7C55D}.Debug|x86.Build.0 = Debug|Any CPU
		{5ABE0295-9854-44BB-8E31-55567AF7C55D}.Release|Any CPU.ActiveCfg = Release|Any CPU
		{5ABE0295-9854-44BB-8E31-55567AF7C55D}.Release|Any CPU.Build.0 = Release|Any CPU
		{5ABE0295-9854-44BB-8E31-55567AF7C55D}.Release|x64.ActiveCfg = Release|Any CPU
		{5ABE0295-9854-44BB-8E31-55567AF7C55D}.Release|x64.Build.0 = Release|Any CPU
		{5ABE0295-9854-44BB-8E31-55567AF7C55D}.Release|x86.ActiveCfg = Release|Any CPU
		{5ABE0295-9854-44BB-8E31-55567AF7C55D}.Release|x86.Build.0 = Release|Any CPU
		{1A46994E-0F69-4C66-9E16-9EBD736C7BD4}.Debug|Any CPU.ActiveCfg = Debug|Any CPU
		{1A46994E-0F69-4C66-9E16-9EBD736C7BD4}.Debug|Any CPU.Build.0 = Debug|Any CPU
		{1A46994E-0F69-4C66-9E16-9EBD736C7BD4}.Debug|x64.ActiveCfg = Debug|Any CPU
		{1A46994E-0F69-4C66-9E16-9EBD736C7BD4}.Debug|x64.Build.0 = Debug|Any CPU
		{1A46994E-0F69-4C66-9E16-9EBD736C7BD4}.Debug|x86.ActiveCfg = Debug|Any CPU
		{1A46994E-0F69-4C66-9E16-9EBD736C7BD4}.Debug|x86.Build.0 = Debug|Any CPU
		{1A46994E-0F69-4C66-9E16-9EBD736C7BD4}.Release|Any CPU.ActiveCfg = Release|Any CPU
		{1A46994E-0F69-4C66-9E16-9EBD736C7BD4}.Release|Any CPU.Build.0 = Release|Any CPU
		{1A46994E-0F69-4C66-9E16-9EBD736C7BD4}.Release|x64.ActiveCfg = Release|Any CPU
		{1A46994E-0F69-4C66-9E16-9EBD736C7BD4}.Release|x64.Build.0 = Release|Any CPU
		{1A46994E-0F69-4C66-9E16-9EBD736C7BD4}.Release|x86.ActiveCfg = Release|Any CPU
		{1A46994E-0F69-4C66-9E16-9EBD736C7BD4}.Release|x86.Build.0 = Release|Any CPU
		{575F9FFF-D91A-4315-B131-336C897E21F0}.Debug|Any CPU.ActiveCfg = Debug|Any CPU
		{575F9FFF-D91A-4315-B131-336C897E21F0}.Debug|Any CPU.Build.0 = Debug|Any CPU
		{575F9FFF-D91A-4315-B131-336C897E21F0}.Debug|x64.ActiveCfg = Debug|Any CPU
		{575F9FFF-D91A-4315-B131-336C897E21F0}.Debug|x64.Build.0 = Debug|Any CPU
		{575F9FFF-D91A-4315-B131-336C897E21F0}.Debug|x86.ActiveCfg = Debug|Any CPU
		{575F9FFF-D91A-4315-B131-336C897E21F0}.Debug|x86.Build.0 = Debug|Any CPU
		{575F9FFF-D91A-4315-B131-336C897E21F0}.Release|Any CPU.ActiveCfg = Release|Any CPU
		{575F9FFF-D91A-4315-B131-336C897E21F0}.Release|Any CPU.Build.0 = Release|Any CPU
		{575F9FFF-D91A-4315-B131-336C897E21F0}.Release|x64.ActiveCfg = Release|Any CPU
		{575F9FFF-D91A-4315-B131-336C897E21F0}.Release|x64.Build.0 = Release|Any CPU
		{575F9FFF-D91A-4315-B131-336C897E21F0}.Release|x86.ActiveCfg = Release|Any CPU
		{575F9FFF-D91A-4315-B131-336C897E21F0}.Release|x86.Build.0 = Release|Any CPU
		{50EA50D1-8716-4402-9968-CEB9892B2F39}.Debug|Any CPU.ActiveCfg = Debug|Any CPU
		{50EA50D1-8716-4402-9968-CEB9892B2F39}.Debug|Any CPU.Build.0 = Debug|Any CPU
		{50EA50D1-8716-4402-9968-CEB9892B2F39}.Debug|x64.ActiveCfg = Debug|Any CPU
		{50EA50D1-8716-4402-9968-CEB9892B2F39}.Debug|x64.Build.0 = Debug|Any CPU
		{50EA50D1-8716-4402-9968-CEB9892B2F39}.Debug|x86.ActiveCfg = Debug|Any CPU
		{50EA50D1-8716-4402-9968-CEB9892B2F39}.Debug|x86.Build.0 = Debug|Any CPU
		{50EA50D1-8716-4402-9968-CEB9892B2F39}.Release|Any CPU.ActiveCfg = Release|Any CPU
		{50EA50D1-8716-4402-9968-CEB9892B2F39}.Release|Any CPU.Build.0 = Release|Any CPU
		{50EA50D1-8716-4402-9968-CEB9892B2F39}.Release|x64.ActiveCfg = Release|Any CPU
		{50EA50D1-8716-4402-9968-CEB9892B2F39}.Release|x64.Build.0 = Release|Any CPU
		{50EA50D1-8716-4402-9968-CEB9892B2F39}.Release|x86.ActiveCfg = Release|Any CPU
		{50EA50D1-8716-4402-9968-CEB9892B2F39}.Release|x86.Build.0 = Release|Any CPU
	EndGlobalSection
	GlobalSection(SolutionProperties) = preSolution
		HideSolutionNode = FALSE
	EndGlobalSection
	GlobalSection(NestedProjects) = preSolution
		{29CFA6C4-7E31-41FE-B415-C9F7EEAD898C} = {827E0CD3-B72D-47B6-A68D-7590B98EB39B}
		{2600BC47-1BAE-4337-9635-5512A86CFB26} = {827E0CD3-B72D-47B6-A68D-7590B98EB39B}
		{93B72077-60E3-4CA8-B998-2B331A77D66F} = {827E0CD3-B72D-47B6-A68D-7590B98EB39B}
		{D57A5167-8769-419E-9960-A46841E3D2C6} = {827E0CD3-B72D-47B6-A68D-7590B98EB39B}
		{C6FADA63-B031-4B4B-B2B6-F20A8D882EE5} = {0AB3BF05-4346-4AA6-1389-037BE0695223}
		{E8CB1C7F-64CB-4095-A00C-BBBA161781CB} = {0AB3BF05-4346-4AA6-1389-037BE0695223}
		{5ABE0295-9854-44BB-8E31-55567AF7C55D} = {0AB3BF05-4346-4AA6-1389-037BE0695223}
		{1A46994E-0F69-4C66-9E16-9EBD736C7BD4} = {0AB3BF05-4346-4AA6-1389-037BE0695223}
		{575F9FFF-D91A-4315-B131-336C897E21F0} = {0AB3BF05-4346-4AA6-1389-037BE0695223}
	EndGlobalSection
EndGlobal
